PODS:
  - AsyncSwift (2.0.0)
  - SideMenu (2.0.5)

DEPENDENCIES:
  - AsyncSwift
  - SideMenu

SPEC CHECKSUMS:
  AsyncSwift: 6ba6ed9ecb51344458063f7c86fe447ab824e313
  SideMenu: 0ecfd407b24e7d36c57fc50ca7f5d7cedb7c8841

PODFILE CHECKSUM: 55cf5c32b6db373f7154e93e041c2ab5693a4018

COCOAPODS: 1.1.0.rc.2
