PODS:
  - AsyncSwift (2.0.1)
  - SwiftSpinner (1.2.1)

DEPENDENCIES:
  - AsyncSwift
  - SwiftSpinner

SPEC CHECKSUMS:
  AsyncSwift: 632138e42ead868b53c745fcde9bf733ce1527ad
  SwiftSpinner: 62a28bbb4035f252a1e91b0e17fc40bdbbfa0aab

PODFILE CHECKSUM: ecd43130157f533a26f6d34a4a4223353dfb7645

COCOAPODS: 1.1.1
